{
  "version": 4,
  "terraform_version": "1.10.5",
  "serial": 10,
  "lineage": "33f3288b-7a2a-1c05-1645-3aa977d9d8e3",
  "outputs": {
    "aci_subnet_id": {
      "value": "/subscriptions/6bbef8d1-9f53-4ce6-bf6c-ff06a0761e74/resourceGroups/homelab-terraform/providers/Microsoft.Network/virtualNetworks/vnet-homelab/subnets/aci-subnet-homelab",
      "type": "string"
    },
    "gateway_subnet_id": {
      "value": "/subscriptions/6bbef8d1-9f53-4ce6-bf6c-ff06a0761e74/resourceGroups/homelab-terraform/providers/Microsoft.Network/virtualNetworks/vnet-homelab/subnets/GatewaySubnet",
      "type": "string"
    },
    "int_subnet_id": {
      "value": "/subscriptions/6bbef8d1-9f53-4ce6-bf6c-ff06a0761e74/resourceGroups/homelab-terraform/providers/Microsoft.Network/virtualNetworks/vnet-homelab/subnets/int-subnet-homelab",
      "type": "string"
    },
    "vnet_id": {
      "value": "/subscriptions/6bbef8d1-9f53-4ce6-bf6c-ff06a0761e74/resourceGroups/homelab-terraform/providers/Microsoft.Network/virtualNetworks/vnet-homelab",
      "type": "string"
    }
  },
  "resources": [
    {
      "mode": "managed",
      "type": "azurerm_resource_group",
      "name": "homelab",
      "provider": "provider[\"registry.terraform.io/hashicorp/azurerm\"]",
      "instances": [
        {
          "schema_version": 0,
          "attributes": {
            "id": "/subscriptions/6bbef8d1-9f53-4ce6-bf6c-ff06a0761e74/resourceGroups/homelab-terraform",
            "location": "japaneast",
            "managed_by": "",
            "name": "homelab-terraform",
            "tags": {},
            "timeouts": null
          },
          "sensitive_attributes": [],
          "private": "eyJlMmJmYjczMC1lY2FhLTExZTYtOGY4OC0zNDM2M2JjN2M0YzAiOnsiY3JlYXRlIjo1NDAwMDAwMDAwMDAwLCJkZWxldGUiOjU0MDAwMDAwMDAwMDAsInJlYWQiOjMwMDAwMDAwMDAwMCwidXBkYXRlIjo1NDAwMDAwMDAwMDAwfX0="
        }
      ]
    },
    {
      "mode": "managed",
      "type": "azurerm_subnet",
      "name": "aci_subnet_homelab",
      "provider": "provider[\"registry.terraform.io/hashicorp/azurerm\"]",
      "instances": [
        {
          "schema_version": 0,
          "attributes": {
            "address_prefixes": [
              "10.29.2.0/24"
            ],
            "default_outbound_access_enabled": true,
            "delegation": [
              {
                "name": "aci-delegation",
                "service_delegation": [
                  {
                    "actions": [
                      "Microsoft.Network/virtualNetworks/subnets/join/action"
                    ],
                    "name": "Microsoft.ContainerInstance/containerGroups"
                  }
                ]
              }
            ],
            "id": "/subscriptions/6bbef8d1-9f53-4ce6-bf6c-ff06a0761e74/resourceGroups/homelab-terraform/providers/Microsoft.Network/virtualNetworks/vnet-homelab/subnets/aci-subnet-homelab",
            "name": "aci-subnet-homelab",
            "private_endpoint_network_policies": "Disabled",
            "private_link_service_network_policies_enabled": true,
            "resource_group_name": "homelab-terraform",
            "service_endpoint_policy_ids": [],
            "service_endpoints": [],
            "timeouts": null,
            "virtual_network_name": "vnet-homelab"
          },
          "sensitive_attributes": [],
          "private": "eyJlMmJmYjczMC1lY2FhLTExZTYtOGY4OC0zNDM2M2JjN2M0YzAiOnsiY3JlYXRlIjoxODAwMDAwMDAwMDAwLCJkZWxldGUiOjE4MDAwMDAwMDAwMDAsInJlYWQiOjMwMDAwMDAwMDAwMCwidXBkYXRlIjoxODAwMDAwMDAwMDAwfX0=",
          "dependencies": [
            "azurerm_resource_group.homelab",
            "azurerm_virtual_network.vnet_homelab"
          ]
        }
      ]
    },
    {
      "mode": "managed",
      "type": "azurerm_subnet",
      "name": "gateway_subnet",
      "provider": "provider[\"registry.terraform.io/hashicorp/azurerm\"]",
      "instances": [
        {
          "schema_version": 0,
          "attributes": {
            "address_prefixes": [
              "10.29.1.0/24"
            ],
            "default_outbound_access_enabled": true,
            "delegation": [],
            "id": "/subscriptions/6bbef8d1-9f53-4ce6-bf6c-ff06a0761e74/resourceGroups/homelab-terraform/providers/Microsoft.Network/virtualNetworks/vnet-homelab/subnets/GatewaySubnet",
            "name": "GatewaySubnet",
            "private_endpoint_network_policies": "Disabled",
            "private_link_service_network_policies_enabled": true,
            "resource_group_name": "homelab-terraform",
            "service_endpoint_policy_ids": null,
            "service_endpoints": null,
            "timeouts": null,
            "virtual_network_name": "vnet-homelab"
          },
          "sensitive_attributes": [],
          "private": "eyJlMmJmYjczMC1lY2FhLTExZTYtOGY4OC0zNDM2M2JjN2M0YzAiOnsiY3JlYXRlIjoxODAwMDAwMDAwMDAwLCJkZWxldGUiOjE4MDAwMDAwMDAwMDAsInJlYWQiOjMwMDAwMDAwMDAwMCwidXBkYXRlIjoxODAwMDAwMDAwMDAwfX0=",
          "dependencies": [
            "azurerm_resource_group.homelab",
            "azurerm_virtual_network.vnet_homelab"
          ]
        }
      ]
    },
    {
      "mode": "managed",
      "type": "azurerm_subnet",
      "name": "int_subnet_homelab",
      "provider": "provider[\"registry.terraform.io/hashicorp/azurerm\"]",
      "instances": [
        {
          "schema_version": 0,
          "attributes": {
            "address_prefixes": [
              "10.29.0.0/24"
            ],
            "default_outbound_access_enabled": true,
            "delegation": [],
            "id": "/subscriptions/6bbef8d1-9f53-4ce6-bf6c-ff06a0761e74/resourceGroups/homelab-terraform/providers/Microsoft.Network/virtualNetworks/vnet-homelab/subnets/int-subnet-homelab",
            "name": "int-subnet-homelab",
            "private_endpoint_network_policies": "Disabled",
            "private_link_service_network_policies_enabled": true,
            "resource_group_name": "homelab-terraform",
            "service_endpoint_policy_ids": [],
            "service_endpoints": [
              "Microsoft.Sql",
              "Microsoft.Storage"
            ],
            "timeouts": null,
            "virtual_network_name": "vnet-homelab"
          },
          "sensitive_attributes": [],
          "private": "eyJlMmJmYjczMC1lY2FhLTExZTYtOGY4OC0zNDM2M2JjN2M0YzAiOnsiY3JlYXRlIjoxODAwMDAwMDAwMDAwLCJkZWxldGUiOjE4MDAwMDAwMDAwMDAsInJlYWQiOjMwMDAwMDAwMDAwMCwidXBkYXRlIjoxODAwMDAwMDAwMDAwfX0=",
          "dependencies": [
            "azurerm_resource_group.homelab",
            "azurerm_virtual_network.vnet_homelab"
          ]
        }
      ]
    },
    {
      "mode": "managed",
      "type": "azurerm_virtual_network",
      "name": "vnet_homelab",
      "provider": "provider[\"registry.terraform.io/hashicorp/azurerm\"]",
      "instances": [
        {
          "schema_version": 0,
          "attributes": {
            "address_space": [
              "10.29.0.0/16"
            ],
            "bgp_community": "",
            "ddos_protection_plan": [],
            "dns_servers": [],
            "edge_zone": "",
            "encryption": [],
            "flow_timeout_in_minutes": 0,
            "guid": "3eaeca5c-5aa3-4f22-82ff-978204c8c00e",
            "id": "/subscriptions/6bbef8d1-9f53-4ce6-bf6c-ff06a0761e74/resourceGroups/homelab-terraform/providers/Microsoft.Network/virtualNetworks/vnet-homelab",
            "location": "japaneast",
            "name": "vnet-homelab",
            "private_endpoint_vnet_policies": "Disabled",
            "resource_group_name": "homelab-terraform",
            "subnet": [
              {
                "address_prefixes": [
                  "10.29.0.0/24"
                ],
                "default_outbound_access_enabled": true,
                "delegation": [],
                "id": "/subscriptions/6bbef8d1-9f53-4ce6-bf6c-ff06a0761e74/resourceGroups/homelab-terraform/providers/Microsoft.Network/virtualNetworks/vnet-homelab/subnets/int-subnet-homelab",
                "name": "int-subnet-homelab",
                "private_endpoint_network_policies": "Disabled",
                "private_link_service_network_policies_enabled": true,
                "route_table_id": "",
                "security_group": "",
                "service_endpoint_policy_ids": [],
                "service_endpoints": [
                  "Microsoft.Sql",
                  "Microsoft.Storage"
                ]
              },
              {
                "address_prefixes": [
                  "10.29.2.0/24"
                ],
                "default_outbound_access_enabled": true,
                "delegation": [
                  {
                    "name": "aci-delegation",
                    "service_delegation": [
                      {
                        "actions": [
                          "Microsoft.Network/virtualNetworks/subnets/action"
                        ],
                        "name": "Microsoft.ContainerInstance/containerGroups"
                      }
                    ]
                  }
                ],
                "id": "/subscriptions/6bbef8d1-9f53-4ce6-bf6c-ff06a0761e74/resourceGroups/homelab-terraform/providers/Microsoft.Network/virtualNetworks/vnet-homelab/subnets/aci-subnet-homelab",
                "name": "aci-subnet-homelab",
                "private_endpoint_network_policies": "Disabled",
                "private_link_service_network_policies_enabled": true,
                "route_table_id": "",
                "security_group": "",
                "service_endpoint_policy_ids": [],
                "service_endpoints": []
              }
            ],
            "tags": {
              "category": "network",
              "environment": "lab"
            },
            "timeouts": null
          },
          "sensitive_attributes": [],
          "private": "eyJlMmJmYjczMC1lY2FhLTExZTYtOGY4OC0zNDM2M2JjN2M0YzAiOnsiY3JlYXRlIjoxODAwMDAwMDAwMDAwLCJkZWxldGUiOjE4MDAwMDAwMDAwMDAsInJlYWQiOjMwMDAwMDAwMDAwMCwidXBkYXRlIjoxODAwMDAwMDAwMDAwfX0=",
          "dependencies": [
            "azurerm_resource_group.homelab"
          ]
        }
      ]
    }
  ],
  "check_results": null
}
